
Microsoft Visual Studio Solution File, Format Version 12.00
# Visual Studio Version 16
VisualStudioVersion = 16.0.28407.52
MinimumVisualStudioVersion = 10.0.40219.1
Project("{FAE04EC0-301F-11D3-BF4B-00C04F79EFBC}") = "Day3", "Day3\Day3.csproj", "{ECEC06F0-4EEA-421C-A6F7-69890A3BC211}"
EndProject
Project("{FAE04EC0-301F-11D3-BF4B-00C04F79EFBC}") = "B - T-shirts Distribution", "B - T-shirts Distribution\B - T-shirts Distribution.csproj", "{5C4D8A2E-0C8F-44A2-8962-350DADF282E2}"
EndProject
Global
	GlobalSection(SolutionConfigurationPlatforms) = preSolution
		Debug|Any CPU = Debug|Any CPU
		Release|Any CPU = Release|Any CPU
	EndGlobalSection
	GlobalSection(ProjectConfigurationPlatforms) = postSolution
		{ECEC06F0-4EEA-421C-A6F7-69890A3BC211}.Debug|Any CPU.ActiveCfg = Debug|Any CPU
		{ECEC06F0-4EEA-421C-A6F7-69890A3BC211}.Debug|Any CPU.Build.0 = Debug|Any CPU
		{ECEC06F0-4EEA-421C-A6F7-69890A3BC211}.Release|Any CPU.ActiveCfg = Release|Any CPU
		{ECEC06F0-4EEA-421C-A6F7-69890A3BC211}.Release|Any CPU.Build.0 = Release|Any CPU
		{5C4D8A2E-0C8F-44A2-8962-350DADF282E2}.Debug|Any CPU.ActiveCfg = Debug|Any CPU
		{5C4D8A2E-0C8F-44A2-8962-350DADF282E2}.Debug|Any CPU.Build.0 = Debug|Any CPU
		{5C4D8A2E-0C8F-44A2-8962-350DADF282E2}.Release|Any CPU.ActiveCfg = Release|Any CPU
		{5C4D8A2E-0C8F-44A2-8962-350DADF282E2}.Release|Any CPU.Build.0 = Release|Any CPU
	EndGlobalSection
	GlobalSection(SolutionProperties) = preSolution
		HideSolutionNode = FALSE
	EndGlobalSection
	GlobalSection(ExtensibilityGlobals) = postSolution
		SolutionGuid = {EBDF767B-9B22-4924-9329-9B657E2B419A}
	EndGlobalSection
EndGlobal
